
Microsoft Visual Studio Solution File, Format Version 12.00
# Visual Studio 15
VisualStudioVersion = 15.0.26730.16
MinimumVisualStudioVersion = 15.0.26730.03
Project("{9A19103F-16F7-4668-BE54-9A1E7A4F7556}") = "Jering.JavascriptUtils.Node", "src\Node\Jering.JavascriptUtils.Node.csproj", "{66B77203-1469-41DF-92F2-2BE6900BD36F}"
EndProject
Project("{2150E333-8FDC-42A3-9474-1A3956D46DE8}") = "Solution Items", "Solution Items", "{B78BFF8F-5D42-4B0E-B32D-EA12717F590D}"
	ProjectSection(SolutionItems) = preProject
		.appveyor.yml = .appveyor.yml
		.gitattributes = .gitattributes
		.gitignore = .gitignore
		Changelog.md = Changelog.md
		Jering.JavascriptUtils.Node.ruleset = Jering.JavascriptUtils.Node.ruleset
		License.txt = License.txt
		ReadMe.md = ReadMe.md
		ThingsToDo.md = ThingsToDo.md
		ThirdPartyLicenses.txt = ThirdPartyLicenses.txt
	EndProjectSection
EndProject
Project("{9A19103F-16F7-4668-BE54-9A1E7A4F7556}") = "Jering.JavascriptUtils.Node.Tests", "test\Node.Tests\Jering.JavascriptUtils.Node.Tests.csproj", "{FB3D3274-0BDE-4C06-8165-9508862D267C}"
EndProject
Global
	GlobalSection(SolutionConfigurationPlatforms) = preSolution
		Debug|Any CPU = Debug|Any CPU
		Release|Any CPU = Release|Any CPU
	EndGlobalSection
	GlobalSection(ProjectConfigurationPlatforms) = postSolution
		{66B77203-1469-41DF-92F2-2BE6900BD36F}.Debug|Any CPU.ActiveCfg = Debug|Any CPU
		{66B77203-1469-41DF-92F2-2BE6900BD36F}.Debug|Any CPU.Build.0 = Debug|Any CPU
		{66B77203-1469-41DF-92F2-2BE6900BD36F}.Release|Any CPU.ActiveCfg = Release|Any CPU
		{66B77203-1469-41DF-92F2-2BE6900BD36F}.Release|Any CPU.Build.0 = Release|Any CPU
		{FB3D3274-0BDE-4C06-8165-9508862D267C}.Debug|Any CPU.ActiveCfg = Debug|Any CPU
		{FB3D3274-0BDE-4C06-8165-9508862D267C}.Debug|Any CPU.Build.0 = Debug|Any CPU
		{FB3D3274-0BDE-4C06-8165-9508862D267C}.Release|Any CPU.ActiveCfg = Release|Any CPU
		{FB3D3274-0BDE-4C06-8165-9508862D267C}.Release|Any CPU.Build.0 = Release|Any CPU
	EndGlobalSection
	GlobalSection(SolutionProperties) = preSolution
		HideSolutionNode = FALSE
	EndGlobalSection
	GlobalSection(ExtensibilityGlobals) = postSolution
		SolutionGuid = {DDF59B0D-2DEC-45D6-8667-DCB767487101}
	EndGlobalSection
EndGlobal
