
Microsoft Visual Studio Solution File, Format Version 12.00
# Visual Studio Version 16
VisualStudioVersion = 16.0.28729.10
MinimumVisualStudioVersion = 15.0.26730.03
Project("{9A19103F-16F7-4668-BE54-9A1E7A4F7556}") = "Jering.Javascript.NodeJS", "src\NodeJS\Jering.Javascript.NodeJS.csproj", "{66B77203-1469-41DF-92F2-2BE6900BD36F}"
EndProject
Project("{2150E333-8FDC-42A3-9474-1A3956D46DE8}") = "Solution Items", "Solution Items", "{B78BFF8F-5D42-4B0E-B32D-EA12717F590D}"
	ProjectSection(SolutionItems) = preProject
		.editorconfig = .editorconfig
		.gitattributes = .gitattributes
		.gitignore = .gitignore
		azure-pipelines.yml = azure-pipelines.yml
		Changelog.md = Changelog.md
		codecov.yml = codecov.yml
		Jering.Javascript.NodeJS.ruleset = Jering.Javascript.NodeJS.ruleset
		License.md = License.md
		ReadMe.md = ReadMe.md
		ThirdPartyLicenses.txt = ThirdPartyLicenses.txt
	EndProjectSection
EndProject
Project("{9A19103F-16F7-4668-BE54-9A1E7A4F7556}") = "Jering.Javascript.NodeJS.Tests", "test\NodeJS\Jering.Javascript.NodeJS.Tests.csproj", "{FB3D3274-0BDE-4C06-8165-9508862D267C}"
EndProject
Project("{9A19103F-16F7-4668-BE54-9A1E7A4F7556}") = "Jering.Javascript.NodeJS.Performance", "perf\NodeJS\Jering.Javascript.NodeJS.Performance.csproj", "{248EFBD7-AD1B-4543-8FFC-4C1E5D13F8FD}"
EndProject
Global
	GlobalSection(SolutionConfigurationPlatforms) = preSolution
		Debug|Any CPU = Debug|Any CPU
		Release|Any CPU = Release|Any CPU
	EndGlobalSection
	GlobalSection(ProjectConfigurationPlatforms) = postSolution
		{66B77203-1469-41DF-92F2-2BE6900BD36F}.Debug|Any CPU.ActiveCfg = Debug|Any CPU
		{66B77203-1469-41DF-92F2-2BE6900BD36F}.Debug|Any CPU.Build.0 = Debug|Any CPU
		{66B77203-1469-41DF-92F2-2BE6900BD36F}.Release|Any CPU.ActiveCfg = Release|Any CPU
		{66B77203-1469-41DF-92F2-2BE6900BD36F}.Release|Any CPU.Build.0 = Release|Any CPU
		{FB3D3274-0BDE-4C06-8165-9508862D267C}.Debug|Any CPU.ActiveCfg = Debug|Any CPU
		{FB3D3274-0BDE-4C06-8165-9508862D267C}.Debug|Any CPU.Build.0 = Debug|Any CPU
		{FB3D3274-0BDE-4C06-8165-9508862D267C}.Release|Any CPU.ActiveCfg = Release|Any CPU
		{FB3D3274-0BDE-4C06-8165-9508862D267C}.Release|Any CPU.Build.0 = Release|Any CPU
		{248EFBD7-AD1B-4543-8FFC-4C1E5D13F8FD}.Debug|Any CPU.ActiveCfg = Debug|Any CPU
		{248EFBD7-AD1B-4543-8FFC-4C1E5D13F8FD}.Debug|Any CPU.Build.0 = Debug|Any CPU
		{248EFBD7-AD1B-4543-8FFC-4C1E5D13F8FD}.Release|Any CPU.ActiveCfg = Release|Any CPU
		{248EFBD7-AD1B-4543-8FFC-4C1E5D13F8FD}.Release|Any CPU.Build.0 = Release|Any CPU
	EndGlobalSection
	GlobalSection(SolutionProperties) = preSolution
		HideSolutionNode = FALSE
	EndGlobalSection
	GlobalSection(ExtensibilityGlobals) = postSolution
		SolutionGuid = {DDF59B0D-2DEC-45D6-8667-DCB767487101}
	EndGlobalSection
EndGlobal
